{
  "originHash" : "839d123f1900edaad890380425ae489268bb665e6f7d1f35eee14d76b0126426",
  "pins" : [
    {
      "identity" : "nuke",
      "kind" : "remoteSourceControl",
      "location" : "https://github.com/kean/Nuke",
      "state" : {
        "revision" : "084076db4f9b9ee4db51177ef5a4879689c1aa09",
        "version" : "12.7.2"
      }
    },
    {
      "identity" : "sentry-cocoa",
      "kind" : "remoteSourceControl",
      "location" : "https://github.com/getsentry/sentry-cocoa",
      "state" : {
        "revision" : "c9a692ba837f4832ec7ce6378c071cb91cb55f92",
        "version" : "8.29.0"
      }
    }
  ],
  "version" : 3
}
