PODS:
  - DZNEmptyDataSet (1.8.1)
  - SDWebImage (5.14.2):
    - SDWebImage/Core (= 5.14.2)
  - SDWebImage/Core (5.14.2)
  - Sentry (7.31.4):
    - Sentry/Core (= 7.31.4)
  - Sentry/Core (7.31.4)

DEPENDENCIES:
  - DZNEmptyDataSet
  - SDWebImage
  - Sentry

SPEC REPOS:
  trunk:
    - DZNEmptyDataSet
    - SDWebImage
    - Sentry

SPEC CHECKSUMS:
  DZNEmptyDataSet: 9525833b9e68ac21c30253e1d3d7076cc828eaa7
  SDWebImage: b9a731e1d6307f44ca703b3976d18c24ca561e84
  Sentry: d9567fc53799651f79593c69054c58d436930213

PODFILE CHECKSUM: 5d44f027be4493c7a183922ccda8bc81942c3af9

COCOAPODS: 1.11.3
